
Microsoft Visual Studio Solution File, Format Version 12.00
# Visual Studio 15
VisualStudioVersion = 15.0.28307.102
MinimumVisualStudioVersion = 10.0.40219.1
Project("{FAE04EC0-301F-11D3-BF4B-00C04F79EFBC}") = "BindingWithPoco", "BindingWithPoco\BindingWithPoco.csproj", "{BE6DAFBC-D54A-43F8-9EAD-772B2FD25C1D}"
EndProject
Global
	GlobalSection(SolutionConfigurationPlatforms) = preSolution
		Debug|Any CPU = Debug|Any CPU
		Release|Any CPU = Release|Any CPU
	EndGlobalSection
	GlobalSection(ProjectConfigurationPlatforms) = postSolution
		{BE6DAFBC-D54A-43F8-9EAD-772B2FD25C1D}.Debug|Any CPU.ActiveCfg = Debug|Any CPU
		{BE6DAFBC-D54A-43F8-9EAD-772B2FD25C1D}.Debug|Any CPU.Build.0 = Debug|Any CPU
		{BE6DAFBC-D54A-43F8-9EAD-772B2FD25C1D}.Release|Any CPU.ActiveCfg = Release|Any CPU
		{BE6DAFBC-D54A-43F8-9EAD-772B2FD25C1D}.Release|Any CPU.Build.0 = Release|Any CPU
	EndGlobalSection
	GlobalSection(SolutionProperties) = preSolution
		HideSolutionNode = FALSE
	EndGlobalSection
	GlobalSection(ExtensibilityGlobals) = postSolution
		SolutionGuid = {CFE1B9FA-84AA-4D83-AF3F-FC9AB330DDAB}
	EndGlobalSection
EndGlobal
